
Microsoft Visual Studio Solution File, Format Version 12.00
# Visual Studio Version 17
VisualStudioVersion = 17.0.31903.59
MinimumVisualStudioVersion = 10.0.40219.1
Project("{FAE04EC0-301F-11D3-BF4B-00C04F79EFBC}") = "Chummer.Run.Contracts", "Chummer.Run.Contracts\Chummer.Run.Contracts.csproj", "{BD2C5E98-A0D5-4ECA-B48C-3C1B65D2B19C}"
EndProject
Project("{FAE04EC0-301F-11D3-BF4B-00C04F79EFBC}") = "Chummer.Play.Contracts", "Chummer.Play.Contracts\Chummer.Play.Contracts.csproj", "{F63601FB-5065-4F9F-A8D0-B8C445518708}"
EndProject
Project("{FAE04EC0-301F-11D3-BF4B-00C04F79EFBC}") = "Chummer.Run.Api", "Chummer.Run.Api\Chummer.Run.Api.csproj", "{1989534D-2E82-4D52-AF20-92333C489F4D}"
EndProject
Project("{FAE04EC0-301F-11D3-BF4B-00C04F79EFBC}") = "Chummer.Run.Identity", "Chummer.Run.Identity\Chummer.Run.Identity.csproj", "{36440FA7-93FE-4B12-B5BC-E31DF48F7580}"
EndProject
Project("{FAE04EC0-301F-11D3-BF4B-00C04F79EFBC}") = "Chummer.Run.AI", "Chummer.Run.AI\Chummer.Run.AI.csproj", "{8C50A2B6-CBCB-47CA-8743-585BB1404045}"
EndProject
Global
	GlobalSection(SolutionConfigurationPlatforms) = preSolution
		Debug|Any CPU = Debug|Any CPU
		Release|Any CPU = Release|Any CPU
	EndGlobalSection
	GlobalSection(SolutionProperties) = preSolution
		HideSolutionNode = FALSE
	EndGlobalSection
	GlobalSection(ProjectConfigurationPlatforms) = postSolution
		{BD2C5E98-A0D5-4ECA-B48C-3C1B65D2B19C}.Debug|Any CPU.ActiveCfg = Debug|Any CPU
		{BD2C5E98-A0D5-4ECA-B48C-3C1B65D2B19C}.Debug|Any CPU.Build.0 = Debug|Any CPU
		{BD2C5E98-A0D5-4ECA-B48C-3C1B65D2B19C}.Release|Any CPU.ActiveCfg = Release|Any CPU
		{BD2C5E98-A0D5-4ECA-B48C-3C1B65D2B19C}.Release|Any CPU.Build.0 = Release|Any CPU
		{F63601FB-5065-4F9F-A8D0-B8C445518708}.Debug|Any CPU.ActiveCfg = Debug|Any CPU
		{F63601FB-5065-4F9F-A8D0-B8C445518708}.Debug|Any CPU.Build.0 = Debug|Any CPU
		{F63601FB-5065-4F9F-A8D0-B8C445518708}.Release|Any CPU.ActiveCfg = Release|Any CPU
		{F63601FB-5065-4F9F-A8D0-B8C445518708}.Release|Any CPU.Build.0 = Release|Any CPU
		{1989534D-2E82-4D52-AF20-92333C489F4D}.Debug|Any CPU.ActiveCfg = Debug|Any CPU
		{1989534D-2E82-4D52-AF20-92333C489F4D}.Debug|Any CPU.Build.0 = Debug|Any CPU
		{1989534D-2E82-4D52-AF20-92333C489F4D}.Release|Any CPU.ActiveCfg = Release|Any CPU
		{1989534D-2E82-4D52-AF20-92333C489F4D}.Release|Any CPU.Build.0 = Release|Any CPU
		{36440FA7-93FE-4B12-B5BC-E31DF48F7580}.Debug|Any CPU.ActiveCfg = Debug|Any CPU
		{36440FA7-93FE-4B12-B5BC-E31DF48F7580}.Debug|Any CPU.Build.0 = Debug|Any CPU
		{36440FA7-93FE-4B12-B5BC-E31DF48F7580}.Release|Any CPU.ActiveCfg = Release|Any CPU
		{36440FA7-93FE-4B12-B5BC-E31DF48F7580}.Release|Any CPU.Build.0 = Release|Any CPU
		{8C50A2B6-CBCB-47CA-8743-585BB1404045}.Debug|Any CPU.ActiveCfg = Debug|Any CPU
		{8C50A2B6-CBCB-47CA-8743-585BB1404045}.Debug|Any CPU.Build.0 = Debug|Any CPU
		{8C50A2B6-CBCB-47CA-8743-585BB1404045}.Release|Any CPU.ActiveCfg = Release|Any CPU
		{8C50A2B6-CBCB-47CA-8743-585BB1404045}.Release|Any CPU.Build.0 = Release|Any CPU
	EndGlobalSection
EndGlobal
