{
  "version": 1,
  "dependencies": {
    "net10.0": {
      "Chummer.Engine.Contracts": {
        "type": "Direct",
        "requested": "[0.0.0-packageplane.candidate.shad9fd01c8751e, )",
        "resolved": "0.0.0-packageplane.candidate.shad9fd01c8751e",
        "contentHash": "s2VGlGZ+4U0SnvJ9Tu2zxGEAx4p2r0Yue59iZHBFW3eUyEAlaN79A6nhECMX/qOEYkfSSWgos4cA+7+jG21xGA=="
      },
      "Chummer.Hub.Registry.Contracts": {
        "type": "Direct",
        "requested": "[0.1.0-preview, )",
        "resolved": "0.1.0-preview",
        "contentHash": "ti+zD2zVexuQXcO+/ahEVVzqcfJSND9X2MLcSG/gf3n90Uiux+xKVMC64nRzZaDT3t1rWFcFfULfBk401sRd9g=="
      },
      "chummer.play.contracts": {
        "type": "Project"
      }
    }
  }
}
