{
  "version": 1,
  "dependencies": {
    "net10.0": {
      "Chummer.Engine.Contracts": {
        "type": "Direct",
        "requested": "[0.0.0-packageplane.20260718.1, )",
        "resolved": "0.0.0-packageplane.20260718.1",
        "contentHash": "kw+2raelexdPaFHTOe5DV/yvSICbDutwmtuozqyibtjZrOO93Qz6iivFDs/xbMp78rPyD2pwHtN6PKtYewq/fA=="
      },
      "Chummer.Hub.Registry.Contracts": {
        "type": "Direct",
        "requested": "[0.0.0-packageplane.20260718.1, )",
        "resolved": "0.0.0-packageplane.20260718.1",
        "contentHash": "wIwTujzhVjzBst4UOyDh1vWZSjmcy4P7GjZojv568ZAA+pNeoUL1j1B9g7P5njy/H7nhmxFNbkhe9c3rGejaYw=="
      },
      "chummer.play.contracts": {
        "type": "Project"
      }
    }
  }
}