{
  "version": 1,
  "dependencies": {
    "net10.0": {
      "Chummer.Engine.Contracts": {
        "type": "Direct",
        "requested": "[0.0.0-packageplane.candidate.sh54398fa0dfe60, )",
        "resolved": "0.0.0-packageplane.candidate.sh54398fa0dfe60",
        "contentHash": "pj5XLVCaEgqJTdWyWVmAfqprTHWyyatV9RzDCSBdDF8UrRkk4LOKaD1iBue/9Xe/MBo1w4FaTcXgRyQlQJREGA=="
      },
      "Chummer.Hub.Registry.Contracts": {
        "type": "Direct",
        "requested": "[0.1.1-packageplane.20260910.1, )",
        "resolved": "0.1.1-packageplane.20260910.1",
        "contentHash": "aSfn2I95g1jl6N7ydm6dBDZjvs2Dje341pSnXojkrMRqze6etkz70cY9BIpEQOT0RWDqmuOdxwhKEn4gb47fCQ=="
      },
      "chummer.play.contracts": {
        "type": "Project"
      }
    }
  }
}