{
  "version": 1,
  "dependencies": {
    "net10.0": {
      "Chummer.Engine.Contracts": {
        "type": "Direct",
        "requested": "[0.0.0-packageplane.candidate.sha6c66477ba8f7, )",
        "resolved": "0.0.0-packageplane.candidate.sha6c66477ba8f7",
        "contentHash": "iMX+lQeMQDIz+vh3A5mfUQtmvNrqPUuXfx5odne8XBWotrZKG0ygo7gmhlM9Sbkq0AdyBQVNOECRkykZn2G5yw=="
      }
    }
  }
}
