{
  "version": 1,
  "dependencies": {
    "net10.0": {
      "Chummer.Engine.Contracts": {
        "type": "Direct",
        "requested": "[0.0.0-packageplane.20260718.1, )",
        "resolved": "0.0.0-packageplane.20260718.1",
        "contentHash": "kw+2raelexdPaFHTOe5DV/yvSICbDutwmtuozqyibtjZrOO93Qz6iivFDs/xbMp78rPyD2pwHtN6PKtYewq/fA=="
      }
    }
  }
}