{
  "version": 1,
  "dependencies": {
    "net10.0": {
      "Chummer.Engine.Contracts": {
        "type": "Direct",
        "requested": "[0.0.0-packageplane.candidate.shb32ee7d37b539, )",
        "resolved": "0.0.0-packageplane.candidate.shb32ee7d37b539",
        "contentHash": "lM41S6dXDvtt48gvXG902UlKOlRZChtNFB9RCtWNjkv33yzGAmKLLHd+gIK3BNX4PUmomU56kKbmkJ0pJe4I8g=="
      },
      "Chummer.Engine.GmCharacterEdits": {
        "type": "Direct",
        "requested": "[0.0.0-packageplane.candidate.shb32ee7d37b539, )",
        "resolved": "0.0.0-packageplane.candidate.shb32ee7d37b539",
        "contentHash": "dDrankd0V6m8A5fnid9D7xCw54Ik0AQxqzv+SEq6EKSpHT//ihLwLQww/ia2josV3rsSY4So+hk47UWyZ06zFQ==",
        "dependencies": {
          "Chummer.Application": "0.0.0-packageplane.candidate.shb32ee7d37b539",
          "Chummer.Engine.Contracts": "0.0.0-packageplane.candidate.shb32ee7d37b539",
          "Chummer.Hub.Registry.Contracts": "0.0.0-packageplane.20260721.1",
          "Chummer.Infrastructure": "0.0.0-packageplane.candidate.shb32ee7d37b539",
          "Chummer.Rulesets.Hosting": "0.0.0-packageplane.candidate.shb32ee7d37b539",
          "Chummer.Rulesets.Sr5": "0.0.0-packageplane.candidate.shb32ee7d37b539",
          "Chummer.Rulesets.Sr6": "0.0.0-packageplane.candidate.shb32ee7d37b539",
          "Chummer.Run.Contracts": "0.0.0-packageplane.20260721.1"
        }
      },
      "Chummer.Hub.Registry.Contracts": {
        "type": "Direct",
        "requested": "[0.1.1-packageplane.20260910.1, )",
        "resolved": "0.1.1-packageplane.20260910.1",
        "contentHash": "aSfn2I95g1jl6N7ydm6dBDZjvs2Dje341pSnXojkrMRqze6etkz70cY9BIpEQOT0RWDqmuOdxwhKEn4gb47fCQ=="
      },
      "Chummer.Run.Registry": {
        "type": "Direct",
        "requested": "[0.1.1-packageplane.20260910.1, )",
        "resolved": "0.1.1-packageplane.20260910.1",
        "contentHash": "FQwq1rX1BBlKW1IXlEKIIGxIs76nJqyn6tZE54fEMMAx/0+gxew58VbCg8HsTG9YNQUuC8QaXGxsAoh5GI9ZtQ==",
        "dependencies": {
          "Chummer.Hub.Registry.Contracts": "0.1.1-packageplane.20260910.1"
        }
      },
      "Npgsql": {
        "type": "Direct",
        "requested": "[10.0.3, )",
        "resolved": "10.0.3",
        "contentHash": "7nb5YzXuvWWJxB0J8DiyL3we+X4FOctZrt0fIBnucOIaIevFEEwGQVZKtiu9olXdlNAK1eNgqSral6r/jlhI4w=="
      },
      "YamlDotNet": {
        "type": "Direct",
        "requested": "[16.3.0, )",
        "resolved": "16.3.0",
        "contentHash": "SgMOdxbz8X65z8hraIs6hOEdnkH6hESTAIUa7viEngHOYaH+6q5XJmwr1+yb9vJpNQ19hCQY69xbFsLtXpobQA=="
      },
      "Chummer.Application": {
        "type": "Transitive",
        "resolved": "0.0.0-packageplane.candidate.shb32ee7d37b539",
        "contentHash": "GUQmxOQBUe416RlYTs5LLn8u6PkdrHueHE2Q+vSlm8+Dp/Y8qCeuSzEK2ZQPkUZEQDeDe0cAVQRWtkH9tGuR9A==",
        "dependencies": {
          "Chummer.Engine.Contracts": "0.0.0-packageplane.candidate.shb32ee7d37b539",
          "Chummer.Hub.Registry.Contracts": "0.0.0-packageplane.20260721.1",
          "Chummer.Run.Contracts": "0.0.0-packageplane.20260721.1"
        }
      },
      "Chummer.Infrastructure": {
        "type": "Transitive",
        "resolved": "0.0.0-packageplane.candidate.shb32ee7d37b539",
        "contentHash": "vrFVfw/9sSj69XVvi8qO8z43H9gtNUYrOkyqDZG8URdg/B+Uwy3qLUtVGxj+sW4HsWkk8LS0B4A9Gtt/Opn1Rg==",
        "dependencies": {
          "Chummer.Application": "0.0.0-packageplane.candidate.shb32ee7d37b539",
          "Chummer.Engine.Contracts": "0.0.0-packageplane.candidate.shb32ee7d37b539",
          "Chummer.Hub.Registry.Contracts": "0.0.0-packageplane.20260721.1",
          "Chummer.Rulesets.Hosting": "0.0.0-packageplane.candidate.shb32ee7d37b539",
          "Chummer.Rulesets.Sr5": "0.0.0-packageplane.candidate.shb32ee7d37b539",
          "Chummer.Rulesets.Sr6": "0.0.0-packageplane.candidate.shb32ee7d37b539",
          "Chummer.Run.Contracts": "0.0.0-packageplane.20260721.1",
          "SharpCompress": "0.50.1"
        }
      },
      "Chummer.Rulesets.Hosting": {
        "type": "Transitive",
        "resolved": "0.0.0-packageplane.candidate.shb32ee7d37b539",
        "contentHash": "K1M846FEub37GWB5dFQ4prYUFcTvwMEalyfgitXSyf7BfcOeFE8W8pRqBpv4knh/gR3xDamVKWqAICOWINwpvg==",
        "dependencies": {
          "Chummer.Application": "0.0.0-packageplane.candidate.shb32ee7d37b539",
          "Chummer.Engine.Contracts": "0.0.0-packageplane.candidate.shb32ee7d37b539",
          "Chummer.Run.Contracts": "0.0.0-packageplane.20260721.1"
        }
      },
      "Chummer.Rulesets.Sr5": {
        "type": "Transitive",
        "resolved": "0.0.0-packageplane.candidate.shb32ee7d37b539",
        "contentHash": "YjOy9Oitce/lid06BE2u+Iq5c04QLex4DgXTiKnWYEVLlXWRrxWqWlXyJktX1MGpKigSsmmnTjiJrqsTs/+QWw==",
        "dependencies": {
          "Chummer.Application": "0.0.0-packageplane.candidate.shb32ee7d37b539",
          "Chummer.Engine.Contracts": "0.0.0-packageplane.candidate.shb32ee7d37b539",
          "Chummer.Run.Contracts": "0.0.0-packageplane.20260721.1"
        }
      },
      "Chummer.Rulesets.Sr6": {
        "type": "Transitive",
        "resolved": "0.0.0-packageplane.candidate.shb32ee7d37b539",
        "contentHash": "fWzurxharmKcNXdpss/WoxlImr+seGH1tlbpoTuVrvj7CIFk2qm5YwYZ2zrnQx0bNH9fgD6HfNwc6SDNa673Cg==",
        "dependencies": {
          "Chummer.Application": "0.0.0-packageplane.candidate.shb32ee7d37b539",
          "Chummer.Engine.Contracts": "0.0.0-packageplane.candidate.shb32ee7d37b539",
          "Chummer.Run.Contracts": "0.0.0-packageplane.20260721.1"
        }
      },
      "SharpCompress": {
        "type": "Transitive",
        "resolved": "0.50.1",
        "contentHash": "VY90K8BBvaAMvvRDJ8EvsfI/GgoIYxlgxMpxdgwpzaesJ0pGSHTLbZ7SD4JYxsGCnOibzua/+8HvDjV6KTw4jA=="
      },
      "chummer.campaign.contracts": {
        "type": "Project",
        "dependencies": {
          "Chummer.Engine.Contracts": "[0.0.0-packageplane.candidate.shb32ee7d37b539, )"
        }
      },
      "chummer.control.contracts": {
        "type": "Project"
      },
      "chummer.play.contracts": {
        "type": "Project"
      },
      "chummer.run.contracts": {
        "type": "Project",
        "dependencies": {
          "Chummer.Engine.Contracts": "[0.0.0-packageplane.candidate.shb32ee7d37b539, )",
          "Chummer.Hub.Registry.Contracts": "[0.1.1-packageplane.20260910.1, )",
          "Chummer.Play.Contracts": "[0.1.1-packageplane.20260910.1, )"
        }
      },
      "chummer.world.contracts": {
        "type": "Project"
      }
    }
  }
}