{
  "version": 1,
  "dependencies": {
    "net10.0": {
      "Chummer.Engine.Contracts": {
        "type": "Direct",
        "requested": "[0.0.0-packageplane.candidate.shaeeb4717633e3, )",
        "resolved": "0.0.0-packageplane.candidate.shaeeb4717633e3",
        "contentHash": "hBCeHWYD5mnTvIfd0xm8FcCXXF4qJEnyXYljFKFIw4aoptUVb77IFlJJqZPzcGMRe2ti7ZJdrr/nu4ogrgbzaw=="
      },
      "Chummer.Engine.GmCharacterEdits": {
        "type": "Direct",
        "requested": "[0.0.0-packageplane.candidate.shaeeb4717633e3, )",
        "resolved": "0.0.0-packageplane.candidate.shaeeb4717633e3",
        "contentHash": "1Dp0XrJnLHp/t+KBeSdsxMyFUf7farAtYpmbyvnUwLE53r6J+kfD3pDMWW57x3AhNeNNdKByKeFMH20qv8rB8w==",
        "dependencies": {
          "Chummer.Application": "0.0.0-packageplane.candidate.shaeeb4717633e3",
          "Chummer.Engine.Contracts": "0.0.0-packageplane.candidate.shaeeb4717633e3",
          "Chummer.Hub.Registry.Contracts": "0.0.0-packageplane.20260721.1",
          "Chummer.Infrastructure": "0.0.0-packageplane.candidate.shaeeb4717633e3",
          "Chummer.Rulesets.Hosting": "0.0.0-packageplane.candidate.shaeeb4717633e3",
          "Chummer.Rulesets.Sr5": "0.0.0-packageplane.candidate.shaeeb4717633e3",
          "Chummer.Rulesets.Sr6": "0.0.0-packageplane.candidate.shaeeb4717633e3",
          "Chummer.Run.Contracts": "0.0.0-packageplane.20260721.1"
        }
      },
      "Chummer.Hub.Registry.Contracts": {
        "type": "Direct",
        "requested": "[0.1.1-packageplane.20260910.1, )",
        "resolved": "0.1.1-packageplane.20260910.1",
        "contentHash": "aSfn2I95g1jl6N7ydm6dBDZjvs2Dje341pSnXojkrMRqze6etkz70cY9BIpEQOT0RWDqmuOdxwhKEn4gb47fCQ=="
      },
      "Chummer.Run.Registry": {
        "type": "Direct",
        "requested": "[0.1.1-packageplane.20260910.1, )",
        "resolved": "0.1.1-packageplane.20260910.1",
        "contentHash": "FQwq1rX1BBlKW1IXlEKIIGxIs76nJqyn6tZE54fEMMAx/0+gxew58VbCg8HsTG9YNQUuC8QaXGxsAoh5GI9ZtQ==",
        "dependencies": {
          "Chummer.Hub.Registry.Contracts": "0.1.1-packageplane.20260910.1"
        }
      },
      "Npgsql": {
        "type": "Direct",
        "requested": "[10.0.3, )",
        "resolved": "10.0.3",
        "contentHash": "7nb5YzXuvWWJxB0J8DiyL3we+X4FOctZrt0fIBnucOIaIevFEEwGQVZKtiu9olXdlNAK1eNgqSral6r/jlhI4w=="
      },
      "YamlDotNet": {
        "type": "Direct",
        "requested": "[16.3.0, )",
        "resolved": "16.3.0",
        "contentHash": "SgMOdxbz8X65z8hraIs6hOEdnkH6hESTAIUa7viEngHOYaH+6q5XJmwr1+yb9vJpNQ19hCQY69xbFsLtXpobQA=="
      },
      "Chummer.Application": {
        "type": "Transitive",
        "resolved": "0.0.0-packageplane.candidate.shaeeb4717633e3",
        "contentHash": "E5e/i+u3Q6aCybxABB8cz6brXUn7Q9jY10YGbXQthpXrfgKtPS2aXMAujdDjXfGzYzm8XT39Wik/1pD/32eY6w==",
        "dependencies": {
          "Chummer.Engine.Contracts": "0.0.0-packageplane.candidate.shaeeb4717633e3",
          "Chummer.Hub.Registry.Contracts": "0.0.0-packageplane.20260721.1",
          "Chummer.Run.Contracts": "0.0.0-packageplane.20260721.1"
        }
      },
      "Chummer.Infrastructure": {
        "type": "Transitive",
        "resolved": "0.0.0-packageplane.candidate.shaeeb4717633e3",
        "contentHash": "Thqaq+YMLOBzSY205CutMJ4Qi/ybU8vLpXloRitWFwijcce3GoaXaLCYTBK0CHe/czSWUdPN0UiwJWcEH1kgmQ==",
        "dependencies": {
          "Chummer.Application": "0.0.0-packageplane.candidate.shaeeb4717633e3",
          "Chummer.Engine.Contracts": "0.0.0-packageplane.candidate.shaeeb4717633e3",
          "Chummer.Hub.Registry.Contracts": "0.0.0-packageplane.20260721.1",
          "Chummer.Rulesets.Hosting": "0.0.0-packageplane.candidate.shaeeb4717633e3",
          "Chummer.Rulesets.Sr5": "0.0.0-packageplane.candidate.shaeeb4717633e3",
          "Chummer.Rulesets.Sr6": "0.0.0-packageplane.candidate.shaeeb4717633e3",
          "Chummer.Run.Contracts": "0.0.0-packageplane.20260721.1",
          "SharpCompress": "0.50.1"
        }
      },
      "Chummer.Rulesets.Hosting": {
        "type": "Transitive",
        "resolved": "0.0.0-packageplane.candidate.shaeeb4717633e3",
        "contentHash": "vDGZOM05aNope7t06a31GtcZY97JR+7VeMIaSUGi15fzJSRBh2HacNSvPIGg6c3ypf07lxwd8Q4xLxejCEfe5g==",
        "dependencies": {
          "Chummer.Application": "0.0.0-packageplane.candidate.shaeeb4717633e3",
          "Chummer.Engine.Contracts": "0.0.0-packageplane.candidate.shaeeb4717633e3",
          "Chummer.Run.Contracts": "0.0.0-packageplane.20260721.1"
        }
      },
      "Chummer.Rulesets.Sr5": {
        "type": "Transitive",
        "resolved": "0.0.0-packageplane.candidate.shaeeb4717633e3",
        "contentHash": "b5Vxm9HquNmn12z/WjNzNCm6rvA6LPnFN7p2/3PVKQAAx6dcwEImEh1Knp5Z9jP4n6A9iUTR2JHv7sRceaQVmA==",
        "dependencies": {
          "Chummer.Application": "0.0.0-packageplane.candidate.shaeeb4717633e3",
          "Chummer.Engine.Contracts": "0.0.0-packageplane.candidate.shaeeb4717633e3",
          "Chummer.Run.Contracts": "0.0.0-packageplane.20260721.1"
        }
      },
      "Chummer.Rulesets.Sr6": {
        "type": "Transitive",
        "resolved": "0.0.0-packageplane.candidate.shaeeb4717633e3",
        "contentHash": "6f9jHkwm053cfoCkzBkVr8bWl/3j/zDEcz3lzGyZr409RXFbUST8izn5zMTKiqTVOwY/jZUcoKaXipHYRZ4Y6Q==",
        "dependencies": {
          "Chummer.Application": "0.0.0-packageplane.candidate.shaeeb4717633e3",
          "Chummer.Engine.Contracts": "0.0.0-packageplane.candidate.shaeeb4717633e3",
          "Chummer.Run.Contracts": "0.0.0-packageplane.20260721.1"
        }
      },
      "SharpCompress": {
        "type": "Transitive",
        "resolved": "0.50.1",
        "contentHash": "VY90K8BBvaAMvvRDJ8EvsfI/GgoIYxlgxMpxdgwpzaesJ0pGSHTLbZ7SD4JYxsGCnOibzua/+8HvDjV6KTw4jA=="
      },
      "chummer.campaign.contracts": {
        "type": "Project",
        "dependencies": {
          "Chummer.Engine.Contracts": "[0.0.0-packageplane.candidate.shaeeb4717633e3, )"
        }
      },
      "chummer.control.contracts": {
        "type": "Project"
      },
      "chummer.play.contracts": {
        "type": "Project"
      },
      "chummer.run.contracts": {
        "type": "Project",
        "dependencies": {
          "Chummer.Engine.Contracts": "[0.0.0-packageplane.candidate.shaeeb4717633e3, )",
          "Chummer.Hub.Registry.Contracts": "[0.1.1-packageplane.20260910.1, )",
          "Chummer.Play.Contracts": "[0.1.1-packageplane.20260910.1, )"
        }
      },
      "chummer.world.contracts": {
        "type": "Project"
      }
    }
  }
}