{
  "version": 1,
  "dependencies": {
    "net10.0": {
      "Chummer.Engine.Contracts": {
        "type": "Transitive",
        "resolved": "0.0.0-packageplane.candidate.shd9051e0d214a5",
        "contentHash": "KWizEjpuJZ4q3NsG8a7nkgyNAbOJor9p10EdkI+BtLCzhTnDqbIxX8klIuJejiTJDvex0YuQgNuTUQAhk33U1A=="
      },
      "Chummer.Hub.Registry.Contracts": {
        "type": "Transitive",
        "resolved": "0.1.1-packageplane.20260924.2",
        "contentHash": "J/or+U2eyw+DMeyuW0ZstJE98tH6d5n2vPGFr3GKYoIDCT8rL1wKOpWMn/oViRofYI4C1+rpjbDA2TfQ5Qhq4A=="
      },
      "chummer.control.contracts": {
        "type": "Project"
      },
      "chummer.play.contracts": {
        "type": "Project"
      },
      "chummer.run.contracts": {
        "type": "Project",
        "dependencies": {
          "Chummer.Engine.Contracts": "[0.0.0-packageplane.candidate.shd9051e0d214a5, )",
          "Chummer.Hub.Registry.Contracts": "[0.1.1-packageplane.20260924.2, )",
          "Chummer.Play.Contracts": "[0.1.1-packageplane.20260924.2, )"
        }
      },
      "chummer.storage.teable": {
        "type": "Project"
      }
    }
  }
}